
Microsoft Visual Studio Solution File, Format Version 12.00
# Visual Studio Version 17
VisualStudioVersion = 17.5.33516.290
MinimumVisualStudioVersion = 10.0.40219.1
Project("{9A19103F-16F7-4668-BE54-9A1E7A4F7556}") = "Core__Proje", "Core__Proje\Core__Proje.csproj", "{9D84E3AD-0FA7-4EAA-8BC1-5D6D3893055E}"
EndProject
Project("{9A19103F-16F7-4668-BE54-9A1E7A4F7556}") = "BusinessLayer", "BusinessLayer\BusinessLayer.csproj", "{896DC86A-6861-44CB-9274-96C1DE31D3CE}"
EndProject
Project("{9A19103F-16F7-4668-BE54-9A1E7A4F7556}") = "DataAccessLayer", "DataAccessLayer\DataAccessLayer.csproj", "{B91D025F-DA92-44C3-8A51-4BBD20AB063D}"
EndProject
Project("{9A19103F-16F7-4668-BE54-9A1E7A4F7556}") = "EntityLayer", "EntityLayer\EntityLayer.csproj", "{17260F9A-0932-4669-9DD8-8C17FEA99B9F}"
EndProject
Project("{FAE04EC0-301F-11D3-BF4B-00C04F79EFBC}") = "Core_Proje_Api", "Core_Proje_Api\Core_Proje_Api.csproj", "{F1F8E846-9EF7-43E9-9748-C9F25DCF91B8}"
EndProject
Global
	GlobalSection(SolutionConfigurationPlatforms) = preSolution
		Debug|Any CPU = Debug|Any CPU
		Release|Any CPU = Release|Any CPU
	EndGlobalSection
	GlobalSection(ProjectConfigurationPlatforms) = postSolution
		{9D84E3AD-0FA7-4EAA-8BC1-5D6D3893055E}.Debug|Any CPU.ActiveCfg = Debug|Any CPU
		{9D84E3AD-0FA7-4EAA-8BC1-5D6D3893055E}.Debug|Any CPU.Build.0 = Debug|Any CPU
		{9D84E3AD-0FA7-4EAA-8BC1-5D6D3893055E}.Release|Any CPU.ActiveCfg = Release|Any CPU
		{9D84E3AD-0FA7-4EAA-8BC1-5D6D3893055E}.Release|Any CPU.Build.0 = Release|Any CPU
		{896DC86A-6861-44CB-9274-96C1DE31D3CE}.Debug|Any CPU.ActiveCfg = Debug|Any CPU
		{896DC86A-6861-44CB-9274-96C1DE31D3CE}.Debug|Any CPU.Build.0 = Debug|Any CPU
		{896DC86A-6861-44CB-9274-96C1DE31D3CE}.Release|Any CPU.ActiveCfg = Release|Any CPU
		{896DC86A-6861-44CB-9274-96C1DE31D3CE}.Release|Any CPU.Build.0 = Release|Any CPU
		{B91D025F-DA92-44C3-8A51-4BBD20AB063D}.Debug|Any CPU.ActiveCfg = Debug|Any CPU
		{B91D025F-DA92-44C3-8A51-4BBD20AB063D}.Debug|Any CPU.Build.0 = Debug|Any CPU
		{B91D025F-DA92-44C3-8A51-4BBD20AB063D}.Release|Any CPU.ActiveCfg = Release|Any CPU
		{B91D025F-DA92-44C3-8A51-4BBD20AB063D}.Release|Any CPU.Build.0 = Release|Any CPU
		{17260F9A-0932-4669-9DD8-8C17FEA99B9F}.Debug|Any CPU.ActiveCfg = Debug|Any CPU
		{17260F9A-0932-4669-9DD8-8C17FEA99B9F}.Debug|Any CPU.Build.0 = Debug|Any CPU
		{17260F9A-0932-4669-9DD8-8C17FEA99B9F}.Release|Any CPU.ActiveCfg = Release|Any CPU
		{17260F9A-0932-4669-9DD8-8C17FEA99B9F}.Release|Any CPU.Build.0 = Release|Any CPU
		{F1F8E846-9EF7-43E9-9748-C9F25DCF91B8}.Debug|Any CPU.ActiveCfg = Debug|Any CPU
		{F1F8E846-9EF7-43E9-9748-C9F25DCF91B8}.Debug|Any CPU.Build.0 = Debug|Any CPU
		{F1F8E846-9EF7-43E9-9748-C9F25DCF91B8}.Release|Any CPU.ActiveCfg = Release|Any CPU
		{F1F8E846-9EF7-43E9-9748-C9F25DCF91B8}.Release|Any CPU.Build.0 = Release|Any CPU
	EndGlobalSection
	GlobalSection(SolutionProperties) = preSolution
		HideSolutionNode = FALSE
	EndGlobalSection
	GlobalSection(ExtensibilityGlobals) = postSolution
		SolutionGuid = {0DCD57CA-2583-4886-8BC2-F15973AB4539}
	EndGlobalSection
EndGlobal
